
Microsoft Visual Studio Solution File, Format Version 12.00
# Visual Studio Version 16
VisualStudioVersion = 16.0.30114.105
MinimumVisualStudioVersion = 10.0.40219.1
Project("{FAE04EC0-301F-11D3-BF4B-00C04F79EFBC}") = "HomeWorkMethods(Class)4", "HomeWorkMethods(Class)4.csproj", "{E4AA255A-2580-43FE-898F-6A2B5AB3BF77}"
EndProject
Global
	GlobalSection(SolutionConfigurationPlatforms) = preSolution
		Debug|Any CPU = Debug|Any CPU
		Release|Any CPU = Release|Any CPU
	EndGlobalSection
	GlobalSection(ProjectConfigurationPlatforms) = postSolution
		{E4AA255A-2580-43FE-898F-6A2B5AB3BF77}.Debug|Any CPU.ActiveCfg = Debug|Any CPU
		{E4AA255A-2580-43FE-898F-6A2B5AB3BF77}.Debug|Any CPU.Build.0 = Debug|Any CPU
		{E4AA255A-2580-43FE-898F-6A2B5AB3BF77}.Release|Any CPU.ActiveCfg = Release|Any CPU
		{E4AA255A-2580-43FE-898F-6A2B5AB3BF77}.Release|Any CPU.Build.0 = Release|Any CPU
	EndGlobalSection
	GlobalSection(SolutionProperties) = preSolution
		HideSolutionNode = FALSE
	EndGlobalSection
	GlobalSection(ExtensibilityGlobals) = postSolution
		SolutionGuid = {DDB37D90-EDA9-48AD-9DDA-045429079DE7}
	EndGlobalSection
EndGlobal
